# THIS IS AN AUTOGENERATED FILE. DO NOT EDIT THIS FILE DIRECTLY.
# yarn lockfile v1


"@babel/code-frame@^7.0.0":
  version "7.27.1"
  resolved "https://registry.yarnpkg.com/@babel/code-frame/-/code-frame-7.27.1.tgz#200f715e66d52a23b221a9435534a91cc13ad5be"
  dependencies:
    "@babel/helper-validator-identifier" "^7.27.1"
    js-tokens "^4.0.0"
    picocolors "^1.1.1"

"@babel/helper-validator-identifier@^7.27.1":
  version "7.27.1"
  resolved "https://registry.yarnpkg.com/@babel/helper-validator-identifier/-/helper-validator-identifier-7.27.1.tgz#a7054dcc145a967dd4dc8fee845a57c1316c9df8"

"@puppeteer/browsers@2.10.10":
  version "2.10.10"
  resolved "https://registry.yarnpkg.com/@puppeteer/browsers/-/browsers-2.10.10.tgz#f806f92d966918c931fb9c48052eba2db848beaa"
  dependencies:
    debug "^4.4.3"
    extract-zip "^2.0.1"
    progress "^2.0.3"
    proxy-agent "^6.5.0"
    semver "^7.7.2"
    tar-fs "^3.1.0"
    yargs "^17.7.2"

"@tootallnate/quickjs-emscripten@^0.23.0":
  version "0.23.0"
  resolved "https://registry.yarnpkg.com/@tootallnate/quickjs-emscripten/-/quickjs-emscripten-0.23.0.tgz#db4ecfd499a9765ab24002c3b696d02e6d32a12c"

"@types/node@*":
  version "16.4.10"
  resolved "https://registry.npmjs.org/@types/node/-/node-16.4.10.tgz"

"@types/yauzl@^2.9.1":
  version "2.9.2"
  resolved "https://registry.npmjs.org/@types/yauzl/-/yauzl-2.9.2.tgz"
  dependencies:
    "@types/node" "*"

"@ungap/promise-all-settled@1.1.2":
  version "1.1.2"
  resolved "https://registry.npmjs.org/@ungap/promise-all-settled/-/promise-all-settled-1.1.2.tgz"

agent-base@^7.1.0, agent-base@^7.1.2:
  version "7.1.4"
  resolved "https://registry.yarnpkg.com/agent-base/-/agent-base-7.1.4.tgz#e3cd76d4c548ee895d3c3fd8dc1f6c5b9032e7a8"

ansi-colors@4.1.1:
  version "4.1.1"
  resolved "https://registry.npmjs.org/ansi-colors/-/ansi-colors-4.1.1.tgz"

ansi-regex@^5.0.0, ansi-regex@^5.0.1:
  version "5.0.1"
  resolved "https://registry.yarnpkg.com/ansi-regex/-/ansi-regex-5.0.1.tgz#082cb2c89c9fe8659a311a53bd6a4dc5301db304"

ansi-styles@^4.0.0, ansi-styles@^4.1.0:
  version "4.3.0"
  resolved "https://registry.npmjs.org/ansi-styles/-/ansi-styles-4.3.0.tgz"
  dependencies:
    color-convert "^2.0.1"

anymatch@~3.1.2:
  version "3.1.2"
  resolved "https://registry.npmjs.org/anymatch/-/anymatch-3.1.2.tgz"
  dependencies:
    normalize-path "^3.0.0"
    picomatch "^2.0.4"

argparse@^2.0.1:
  version "2.0.1"
  resolved "https://registry.npmjs.org/argparse/-/argparse-2.0.1.tgz"

assertion-error@^1.1.0:
  version "1.1.0"
  resolved "https://registry.npmjs.org/assertion-error/-/assertion-error-1.1.0.tgz"

ast-types@^0.13.4:
  version "0.13.4"
  resolved "https://registry.yarnpkg.com/ast-types/-/ast-types-0.13.4.tgz#ee0d77b343263965ecc3fb62da16e7222b2b6782"
  dependencies:
    tslib "^2.0.1"

b4a@^1.6.4:
  version "1.7.3"
  resolved "https://registry.yarnpkg.com/b4a/-/b4a-1.7.3.tgz#24cf7ccda28f5465b66aec2bac69e32809bf112f"

balanced-match@^1.0.0:
  version "1.0.2"
  resolved "https://registry.yarnpkg.com/balanced-match/-/balanced-match-1.0.2.tgz#e83e3a7e3f300b34cb9d87f615fa0cbf357690ee"

bare-events@^2.5.4, bare-events@^2.7.0:
  version "2.7.0"
  resolved "https://registry.yarnpkg.com/bare-events/-/bare-events-2.7.0.tgz#46596dae9c819c5891eb2dcc8186326ed5a6da54"

bare-fs@^4.0.1:
  version "4.4.5"
  resolved "https://registry.yarnpkg.com/bare-fs/-/bare-fs-4.4.5.tgz#332affbbacc7c9be948618282c6093ac0d0b47fc"
  dependencies:
    bare-events "^2.5.4"
    bare-path "^3.0.0"
    bare-stream "^2.6.4"
    bare-url "^2.2.2"
    fast-fifo "^1.3.2"

bare-os@^3.0.1:
  version "3.6.2"
  resolved "https://registry.yarnpkg.com/bare-os/-/bare-os-3.6.2.tgz#b3c4f5ad5e322c0fd0f3c29fc97d19009e2796e5"

bare-path@^3.0.0:
  version "3.0.0"
  resolved "https://registry.yarnpkg.com/bare-path/-/bare-path-3.0.0.tgz#b59d18130ba52a6af9276db3e96a2e3d3ea52178"
  dependencies:
    bare-os "^3.0.1"

bare-stream@^2.6.4:
  version "2.7.0"
  resolved "https://registry.yarnpkg.com/bare-stream/-/bare-stream-2.7.0.tgz#5b9e7dd0a354d06e82d6460c426728536c35d789"
  dependencies:
    streamx "^2.21.0"

bare-url@^2.2.2:
  version "2.2.2"
  resolved "https://registry.yarnpkg.com/bare-url/-/bare-url-2.2.2.tgz#1369d1972bbd7d9b358d0214d3f12abe2328d3e9"
  dependencies:
    bare-path "^3.0.0"

basic-ftp@^5.0.2:
  version "5.0.5"
  resolved "https://registry.yarnpkg.com/basic-ftp/-/basic-ftp-5.0.5.tgz#14a474f5fffecca1f4f406f1c26b18f800225ac0"

binary-extensions@^2.0.0:
  version "2.2.0"
  resolved "https://registry.npmjs.org/binary-extensions/-/binary-extensions-2.2.0.tgz"

brace-expansion@^1.1.7:
  version "1.1.11"
  resolved "https://registry.yarnpkg.com/brace-expansion/-/brace-expansion-1.1.11.tgz#3c7fcbf529d87226f3d2f52b966ff5271eb441dd"
  dependencies:
    balanced-match "^1.0.0"
    concat-map "0.0.1"

braces@~3.0.2:
  version "3.0.2"
  resolved "https://registry.npmjs.org/braces/-/braces-3.0.2.tgz"
  dependencies:
    fill-range "^7.0.1"

browser-stdout@1.3.1:
  version "1.3.1"
  resolved "https://registry.npmjs.org/browser-stdout/-/browser-stdout-1.3.1.tgz"

buffer-crc32@~0.2.3:
  version "0.2.13"
  resolved "https://registry.npmjs.org/buffer-crc32/-/buffer-crc32-0.2.13.tgz"

callsites@^3.0.0:
  version "3.1.0"
  resolved "https://registry.yarnpkg.com/callsites/-/callsites-3.1.0.tgz#b3630abd8943432f54b3f0519238e33cd7df2f73"

camelcase@^6.0.0:
  version "6.2.0"
  resolved "https://registry.npmjs.org/camelcase/-/camelcase-6.2.0.tgz"

chai@^4.3.4:
  version "4.3.4"
  resolved "https://registry.npmjs.org/chai/-/chai-4.3.4.tgz"
  dependencies:
    assertion-error "^1.1.0"
    check-error "^1.0.2"
    deep-eql "^3.0.1"
    get-func-name "^2.0.0"
    pathval "^1.1.1"
    type-detect "^4.0.5"

chalk@^4.1.0:
  version "4.1.2"
  resolved "https://registry.npmjs.org/chalk/-/chalk-4.1.2.tgz"
  dependencies:
    ansi-styles "^4.1.0"
    supports-color "^7.1.0"

check-error@^1.0.2:
  version "1.0.2"
  resolved "https://registry.npmjs.org/check-error/-/check-error-1.0.2.tgz"

chokidar@3.5.3:
  version "3.5.3"
  resolved "https://registry.yarnpkg.com/chokidar/-/chokidar-3.5.3.tgz#1cf37c8707b932bd1af1ae22c0432e2acd1903bd"
  dependencies:
    anymatch "~3.1.2"
    braces "~3.0.2"
    glob-parent "~5.1.2"
    is-binary-path "~2.1.0"
    is-glob "~4.0.1"
    normalize-path "~3.0.0"
    readdirp "~3.6.0"
  optionalDependencies:
    fsevents "~2.3.2"

chromium-bidi@9.1.0:
  version "9.1.0"
  resolved "https://registry.yarnpkg.com/chromium-bidi/-/chromium-bidi-9.1.0.tgz#356eaea018eecc7977644305ee9fd27874b2b676"
  dependencies:
    mitt "^3.0.1"
    zod "^3.24.1"

cliui@^7.0.2:
  version "7.0.4"
  resolved "https://registry.npmjs.org/cliui/-/cliui-7.0.4.tgz"
  dependencies:
    string-width "^4.2.0"
    strip-ansi "^6.0.0"
    wrap-ansi "^7.0.0"

cliui@^8.0.1:
  version "8.0.1"
  resolved "https://registry.yarnpkg.com/cliui/-/cliui-8.0.1.tgz#0c04b075db02cbfe60dc8e6cf2f5486b1a3608aa"
  dependencies:
    string-width "^4.2.0"
    strip-ansi "^6.0.1"
    wrap-ansi "^7.0.0"

color-convert@^2.0.1:
  version "2.0.1"
  resolved "https://registry.npmjs.org/color-convert/-/color-convert-2.0.1.tgz"
  dependencies:
    color-name "~1.1.4"

color-name@~1.1.4:
  version "1.1.4"
  resolved "https://registry.npmjs.org/color-name/-/color-name-1.1.4.tgz"

concat-map@0.0.1:
  version "0.0.1"
  resolved "https://registry.yarnpkg.com/concat-map/-/concat-map-0.0.1.tgz#d8a96bd77fd68df7793a73036a3ba0d5405d477b"

cosmiconfig@^9.0.0:
  version "9.0.0"
  resolved "https://registry.yarnpkg.com/cosmiconfig/-/cosmiconfig-9.0.0.tgz#34c3fc58287b915f3ae905ab6dc3de258b55ad9d"
  dependencies:
    env-paths "^2.2.1"
    import-fresh "^3.3.0"
    js-yaml "^4.1.0"
    parse-json "^5.2.0"

data-uri-to-buffer@^6.0.2:
  version "6.0.2"
  resolved "https://registry.yarnpkg.com/data-uri-to-buffer/-/data-uri-to-buffer-6.0.2.tgz#8a58bb67384b261a38ef18bea1810cb01badd28b"

debug@4, debug@4.3.3, debug@^4.1.1:
  version "4.3.3"
  resolved "https://registry.yarnpkg.com/debug/-/debug-4.3.3.tgz#04266e0b70a98d4462e6e288e38259213332b664"
  dependencies:
    ms "2.1.2"

debug@^4.3.4, debug@^4.4.3:
  version "4.4.3"
  resolved "https://registry.yarnpkg.com/debug/-/debug-4.4.3.tgz#c6ae432d9bd9662582fce08709b038c58e9e3d6a"
  dependencies:
    ms "^2.1.3"

decamelize@^4.0.0:
  version "4.0.0"
  resolved "https://registry.npmjs.org/decamelize/-/decamelize-4.0.0.tgz"

deep-eql@^3.0.1:
  version "3.0.1"
  resolved "https://registry.npmjs.org/deep-eql/-/deep-eql-3.0.1.tgz"
  dependencies:
    type-detect "^4.0.0"

degenerator@^5.0.0:
  version "5.0.1"
  resolved "https://registry.yarnpkg.com/degenerator/-/degenerator-5.0.1.tgz#9403bf297c6dad9a1ece409b37db27954f91f2f5"
  dependencies:
    ast-types "^0.13.4"
    escodegen "^2.1.0"
    esprima "^4.0.1"

devtools-protocol@0.0.1508733:
  version "0.0.1508733"
  resolved "https://registry.yarnpkg.com/devtools-protocol/-/devtools-protocol-0.0.1508733.tgz#047deb3531470efda2c7bf43c10b3ae9e4b3d51b"

diff@5.0.0:
  version "5.0.0"
  resolved "https://registry.npmjs.org/diff/-/diff-5.0.0.tgz"

emoji-regex@^8.0.0:
  version "8.0.0"
  resolved "https://registry.npmjs.org/emoji-regex/-/emoji-regex-8.0.0.tgz"

end-of-stream@^1.1.0:
  version "1.4.4"
  resolved "https://registry.npmjs.org/end-of-stream/-/end-of-stream-1.4.4.tgz"
  dependencies:
    once "^1.4.0"

env-paths@^2.2.1:
  version "2.2.1"
  resolved "https://registry.yarnpkg.com/env-paths/-/env-paths-2.2.1.tgz#420399d416ce1fbe9bc0a07c62fa68d67fd0f8f2"

error-ex@^1.3.1:
  version "1.3.4"
  resolved "https://registry.yarnpkg.com/error-ex/-/error-ex-1.3.4.tgz#b3a8d8bb6f92eecc1629e3e27d3c8607a8a32414"
  dependencies:
    is-arrayish "^0.2.1"

escalade@^3.1.1:
  version "3.1.1"
  resolved "https://registry.npmjs.org/escalade/-/escalade-3.1.1.tgz"

escape-string-regexp@4.0.0:
  version "4.0.0"
  resolved "https://registry.npmjs.org/escape-string-regexp/-/escape-string-regexp-4.0.0.tgz"

escodegen@^2.1.0:
  version "2.1.0"
  resolved "https://registry.yarnpkg.com/escodegen/-/escodegen-2.1.0.tgz#ba93bbb7a43986d29d6041f99f5262da773e2e17"
  dependencies:
    esprima "^4.0.1"
    estraverse "^5.2.0"
    esutils "^2.0.2"
  optionalDependencies:
    source-map "~0.6.1"

esprima@^4.0.1:
  version "4.0.1"
  resolved "https://registry.yarnpkg.com/esprima/-/esprima-4.0.1.tgz#13b04cdb3e6c5d19df91ab6987a8695619b0aa71"

estraverse@^5.2.0:
  version "5.3.0"
  resolved "https://registry.yarnpkg.com/estraverse/-/estraverse-5.3.0.tgz#2eea5290702f26ab8fe5370370ff86c965d21123"

esutils@^2.0.2:
  version "2.0.3"
  resolved "https://registry.yarnpkg.com/esutils/-/esutils-2.0.3.tgz#74d2eb4de0b8da1293711910d50775b9b710ef64"

events-universal@^1.0.0:
  version "1.0.1"
  resolved "https://registry.yarnpkg.com/events-universal/-/events-universal-1.0.1.tgz#b56a84fd611b6610e0a2d0f09f80fdf931e2dfe6"
  dependencies:
    bare-events "^2.7.0"

extract-zip@^2.0.1:
  version "2.0.1"
  resolved "https://registry.yarnpkg.com/extract-zip/-/extract-zip-2.0.1.tgz#663dca56fe46df890d5f131ef4a06d22bb8ba13a"
  dependencies:
    debug "^4.1.1"
    get-stream "^5.1.0"
    yauzl "^2.10.0"
  optionalDependencies:
    "@types/yauzl" "^2.9.1"

fast-fifo@^1.2.0, fast-fifo@^1.3.2:
  version "1.3.2"
  resolved "https://registry.yarnpkg.com/fast-fifo/-/fast-fifo-1.3.2.tgz#286e31de96eb96d38a97899815740ba2a4f3640c"

fd-slicer@~1.1.0:
  version "1.1.0"
  resolved "https://registry.npmjs.org/fd-slicer/-/fd-slicer-1.1.0.tgz"
  dependencies:
    pend "~1.2.0"

fill-range@^7.0.1:
  version "7.0.1"
  resolved "https://registry.npmjs.org/fill-range/-/fill-range-7.0.1.tgz"
  dependencies:
    to-regex-range "^5.0.1"

find-up@5.0.0:
  version "5.0.0"
  resolved "https://registry.npmjs.org/find-up/-/find-up-5.0.0.tgz"
  dependencies:
    locate-path "^6.0.0"
    path-exists "^4.0.0"

flat@^5.0.2:
  version "5.0.2"
  resolved "https://registry.npmjs.org/flat/-/flat-5.0.2.tgz"

fs.realpath@^1.0.0:
  version "1.0.0"
  resolved "https://registry.npmjs.org/fs.realpath/-/fs.realpath-1.0.0.tgz"

fsevents@~2.3.2:
  version "2.3.2"
  resolved "https://registry.npmjs.org/fsevents/-/fsevents-2.3.2.tgz"

get-caller-file@^2.0.5:
  version "2.0.5"
  resolved "https://registry.npmjs.org/get-caller-file/-/get-caller-file-2.0.5.tgz"

get-func-name@^2.0.0:
  version "2.0.0"
  resolved "https://registry.npmjs.org/get-func-name/-/get-func-name-2.0.0.tgz"

get-stream@^5.1.0:
  version "5.2.0"
  resolved "https://registry.npmjs.org/get-stream/-/get-stream-5.2.0.tgz"
  dependencies:
    pump "^3.0.0"

get-uri@^6.0.1:
  version "6.0.5"
  resolved "https://registry.yarnpkg.com/get-uri/-/get-uri-6.0.5.tgz#714892aa4a871db671abc5395e5e9447bc306a16"
  dependencies:
    basic-ftp "^5.0.2"
    data-uri-to-buffer "^6.0.2"
    debug "^4.3.4"

glob-parent@~5.1.2:
  version "5.1.2"
  resolved "https://registry.npmjs.org/glob-parent/-/glob-parent-5.1.2.tgz"
  dependencies:
    is-glob "^4.0.1"

glob@7.2.0:
  version "7.2.0"
  resolved "https://registry.yarnpkg.com/glob/-/glob-7.2.0.tgz#d15535af7732e02e948f4c41628bd910293f6023"
  dependencies:
    fs.realpath "^1.0.0"
    inflight "^1.0.4"
    inherits "2"
    minimatch "^3.0.4"
    once "^1.3.0"
    path-is-absolute "^1.0.0"

growl@1.10.5:
  version "1.10.5"
  resolved "https://registry.npmjs.org/growl/-/growl-1.10.5.tgz"

has-flag@^4.0.0:
  version "4.0.0"
  resolved "https://registry.npmjs.org/has-flag/-/has-flag-4.0.0.tgz"

he@1.2.0:
  version "1.2.0"
  resolved "https://registry.npmjs.org/he/-/he-1.2.0.tgz"

http-proxy-agent@^7.0.0, http-proxy-agent@^7.0.1:
  version "7.0.2"
  resolved "https://registry.yarnpkg.com/http-proxy-agent/-/http-proxy-agent-7.0.2.tgz#9a8b1f246866c028509486585f62b8f2c18c270e"
  dependencies:
    agent-base "^7.1.0"
    debug "^4.3.4"

https-proxy-agent@^7.0.6:
  version "7.0.6"
  resolved "https://registry.yarnpkg.com/https-proxy-agent/-/https-proxy-agent-7.0.6.tgz#da8dfeac7da130b05c2ba4b59c9b6cd66611a6b9"
  dependencies:
    agent-base "^7.1.2"
    debug "4"

import-fresh@^3.3.0:
  version "3.3.1"
  resolved "https://registry.yarnpkg.com/import-fresh/-/import-fresh-3.3.1.tgz#9cecb56503c0ada1f2741dbbd6546e4b13b57ccf"
  dependencies:
    parent-module "^1.0.0"
    resolve-from "^4.0.0"

inflight@^1.0.4:
  version "1.0.6"
  resolved "https://registry.npmjs.org/inflight/-/inflight-1.0.6.tgz"
  dependencies:
    once "^1.3.0"
    wrappy "1"

inherits@2:
  version "2.0.4"
  resolved "https://registry.npmjs.org/inherits/-/inherits-2.0.4.tgz"

ip-address@^10.0.1:
  version "10.0.1"
  resolved "https://registry.yarnpkg.com/ip-address/-/ip-address-10.0.1.tgz#a8180b783ce7788777d796286d61bce4276818ed"

is-arrayish@^0.2.1:
  version "0.2.1"
  resolved "https://registry.yarnpkg.com/is-arrayish/-/is-arrayish-0.2.1.tgz#77c99840527aa8ecb1a8ba697b80645a7a926a9d"

is-binary-path@~2.1.0:
  version "2.1.0"
  resolved "https://registry.npmjs.org/is-binary-path/-/is-binary-path-2.1.0.tgz"
  dependencies:
    binary-extensions "^2.0.0"

is-extglob@^2.1.1:
  version "2.1.1"
  resolved "https://registry.npmjs.org/is-extglob/-/is-extglob-2.1.1.tgz"

is-fullwidth-code-point@^3.0.0:
  version "3.0.0"
  resolved "https://registry.npmjs.org/is-fullwidth-code-point/-/is-fullwidth-code-point-3.0.0.tgz"

is-glob@^4.0.1, is-glob@~4.0.1:
  version "4.0.1"
  resolved "https://registry.npmjs.org/is-glob/-/is-glob-4.0.1.tgz"
  dependencies:
    is-extglob "^2.1.1"

is-number@^7.0.0:
  version "7.0.0"
  resolved "https://registry.npmjs.org/is-number/-/is-number-7.0.0.tgz"

is-plain-obj@^2.1.0:
  version "2.1.0"
  resolved "https://registry.npmjs.org/is-plain-obj/-/is-plain-obj-2.1.0.tgz"

is-unicode-supported@^0.1.0:
  version "0.1.0"
  resolved "https://registry.npmjs.org/is-unicode-supported/-/is-unicode-supported-0.1.0.tgz"

isexe@^2.0.0:
  version "2.0.0"
  resolved "https://registry.npmjs.org/isexe/-/isexe-2.0.0.tgz"

js-tokens@^4.0.0:
  version "4.0.0"
  resolved "https://registry.yarnpkg.com/js-tokens/-/js-tokens-4.0.0.tgz#19203fb59991df98e3a287050d4647cdeaf32499"

js-yaml@4.1.0, js-yaml@^4.1.0:
  version "4.1.0"
  resolved "https://registry.npmjs.org/js-yaml/-/js-yaml-4.1.0.tgz"
  dependencies:
    argparse "^2.0.1"

json-parse-even-better-errors@^2.3.0:
  version "2.3.1"
  resolved "https://registry.yarnpkg.com/json-parse-even-better-errors/-/json-parse-even-better-errors-2.3.1.tgz#7c47805a94319928e05777405dc12e1f7a4ee02d"

lines-and-columns@^1.1.6:
  version "1.2.4"
  resolved "https://registry.yarnpkg.com/lines-and-columns/-/lines-and-columns-1.2.4.tgz#eca284f75d2965079309dc0ad9255abb2ebc1632"

locate-path@^6.0.0:
  version "6.0.0"
  resolved "https://registry.npmjs.org/locate-path/-/locate-path-6.0.0.tgz"
  dependencies:
    p-locate "^5.0.0"

log-symbols@4.1.0:
  version "4.1.0"
  resolved "https://registry.npmjs.org/log-symbols/-/log-symbols-4.1.0.tgz"
  dependencies:
    chalk "^4.1.0"
    is-unicode-supported "^0.1.0"

lru-cache@^7.14.1:
  version "7.18.3"
  resolved "https://registry.yarnpkg.com/lru-cache/-/lru-cache-7.18.3.tgz#f793896e0fd0e954a59dfdd82f0773808df6aa89"

minimatch@4.2.1:
  version "4.2.1"
  resolved "https://registry.yarnpkg.com/minimatch/-/minimatch-4.2.1.tgz#40d9d511a46bdc4e563c22c3080cde9c0d8299b4"
  dependencies:
    brace-expansion "^1.1.7"

minimatch@^3.0.4:
  version "3.1.2"
  resolved "https://registry.yarnpkg.com/minimatch/-/minimatch-3.1.2.tgz#19cd194bfd3e428f049a70817c038d89ab4be35b"
  dependencies:
    brace-expansion "^1.1.7"

mitt@^3.0.1:
  version "3.0.1"
  resolved "https://registry.yarnpkg.com/mitt/-/mitt-3.0.1.tgz#ea36cf0cc30403601ae074c8f77b7092cdab36d1"

mocha@^9.1.1:
  version "9.2.2"
  resolved "https://registry.yarnpkg.com/mocha/-/mocha-9.2.2.tgz#d70db46bdb93ca57402c809333e5a84977a88fb9"
  dependencies:
    "@ungap/promise-all-settled" "1.1.2"
    ansi-colors "4.1.1"
    browser-stdout "1.3.1"
    chokidar "3.5.3"
    debug "4.3.3"
    diff "5.0.0"
    escape-string-regexp "4.0.0"
    find-up "5.0.0"
    glob "7.2.0"
    growl "1.10.5"
    he "1.2.0"
    js-yaml "4.1.0"
    log-symbols "4.1.0"
    minimatch "4.2.1"
    ms "2.1.3"
    nanoid "3.3.1"
    serialize-javascript "6.0.0"
    strip-json-comments "3.1.1"
    supports-color "8.1.1"
    which "2.0.2"
    workerpool "6.2.0"
    yargs "16.2.0"
    yargs-parser "20.2.4"
    yargs-unparser "2.0.0"

ms@2.1.2:
  version "2.1.2"
  resolved "https://registry.npmjs.org/ms/-/ms-2.1.2.tgz"

ms@2.1.3, ms@^2.1.3:
  version "2.1.3"
  resolved "https://registry.npmjs.org/ms/-/ms-2.1.3.tgz"

nanoid@3.3.1:
  version "3.3.1"
  resolved "https://registry.yarnpkg.com/nanoid/-/nanoid-3.3.1.tgz#6347a18cac88af88f58af0b3594b723d5e99bb35"

netmask@^2.0.2:
  version "2.0.2"
  resolved "https://registry.yarnpkg.com/netmask/-/netmask-2.0.2.tgz#8b01a07644065d536383835823bc52004ebac5e7"

normalize-path@^3.0.0, normalize-path@~3.0.0:
  version "3.0.0"
  resolved "https://registry.npmjs.org/normalize-path/-/normalize-path-3.0.0.tgz"

once@^1.3.0, once@^1.3.1, once@^1.4.0:
  version "1.4.0"
  resolved "https://registry.npmjs.org/once/-/once-1.4.0.tgz"
  dependencies:
    wrappy "1"

p-limit@^3.0.2:
  version "3.1.0"
  resolved "https://registry.npmjs.org/p-limit/-/p-limit-3.1.0.tgz"
  dependencies:
    yocto-queue "^0.1.0"

p-locate@^5.0.0:
  version "5.0.0"
  resolved "https://registry.npmjs.org/p-locate/-/p-locate-5.0.0.tgz"
  dependencies:
    p-limit "^3.0.2"

pac-proxy-agent@^7.1.0:
  version "7.2.0"
  resolved "https://registry.yarnpkg.com/pac-proxy-agent/-/pac-proxy-agent-7.2.0.tgz#9cfaf33ff25da36f6147a20844230ec92c06e5df"
  dependencies:
    "@tootallnate/quickjs-emscripten" "^0.23.0"
    agent-base "^7.1.2"
    debug "^4.3.4"
    get-uri "^6.0.1"
    http-proxy-agent "^7.0.0"
    https-proxy-agent "^7.0.6"
    pac-resolver "^7.0.1"
    socks-proxy-agent "^8.0.5"

pac-resolver@^7.0.1:
  version "7.0.1"
  resolved "https://registry.yarnpkg.com/pac-resolver/-/pac-resolver-7.0.1.tgz#54675558ea368b64d210fd9c92a640b5f3b8abb6"
  dependencies:
    degenerator "^5.0.0"
    netmask "^2.0.2"

parent-module@^1.0.0:
  version "1.0.1"
  resolved "https://registry.yarnpkg.com/parent-module/-/parent-module-1.0.1.tgz#691d2709e78c79fae3a156622452d00762caaaa2"
  dependencies:
    callsites "^3.0.0"

parse-json@^5.2.0:
  version "5.2.0"
  resolved "https://registry.yarnpkg.com/parse-json/-/parse-json-5.2.0.tgz#c76fc66dee54231c962b22bcc8a72cf2f99753cd"
  dependencies:
    "@babel/code-frame" "^7.0.0"
    error-ex "^1.3.1"
    json-parse-even-better-errors "^2.3.0"
    lines-and-columns "^1.1.6"

path-exists@^4.0.0:
  version "4.0.0"
  resolved "https://registry.npmjs.org/path-exists/-/path-exists-4.0.0.tgz"

path-is-absolute@^1.0.0:
  version "1.0.1"
  resolved "https://registry.npmjs.org/path-is-absolute/-/path-is-absolute-1.0.1.tgz"

pathval@^1.1.1:
  version "1.1.1"
  resolved "https://registry.npmjs.org/pathval/-/pathval-1.1.1.tgz"

pend@~1.2.0:
  version "1.2.0"
  resolved "https://registry.npmjs.org/pend/-/pend-1.2.0.tgz"

picocolors@^1.1.1:
  version "1.1.1"
  resolved "https://registry.yarnpkg.com/picocolors/-/picocolors-1.1.1.tgz#3d321af3eab939b083c8f929a1d12cda81c26b6b"

picomatch@^2.0.4, picomatch@^2.2.1:
  version "2.3.0"
  resolved "https://registry.npmjs.org/picomatch/-/picomatch-2.3.0.tgz"

progress@^2.0.3:
  version "2.0.3"
  resolved "https://registry.yarnpkg.com/progress/-/progress-2.0.3.tgz#7e8cf8d8f5b8f239c1bc68beb4eb78567d572ef8"

proxy-agent@^6.5.0:
  version "6.5.0"
  resolved "https://registry.yarnpkg.com/proxy-agent/-/proxy-agent-6.5.0.tgz#9e49acba8e4ee234aacb539f89ed9c23d02f232d"
  dependencies:
    agent-base "^7.1.2"
    debug "^4.3.4"
    http-proxy-agent "^7.0.1"
    https-proxy-agent "^7.0.6"
    lru-cache "^7.14.1"
    pac-proxy-agent "^7.1.0"
    proxy-from-env "^1.1.0"
    socks-proxy-agent "^8.0.5"

proxy-from-env@^1.1.0:
  version "1.1.0"
  resolved "https://registry.yarnpkg.com/proxy-from-env/-/proxy-from-env-1.1.0.tgz#e102f16ca355424865755d2c9e8ea4f24d58c3e2"

pump@^3.0.0:
  version "3.0.0"
  resolved "https://registry.npmjs.org/pump/-/pump-3.0.0.tgz"
  dependencies:
    end-of-stream "^1.1.0"
    once "^1.3.1"

puppeteer-cluster@^0.22.0:
  version "0.22.0"
  resolved "https://registry.npmjs.org/puppeteer-cluster/-/puppeteer-cluster-0.22.0.tgz"
  dependencies:
    debug "^4.1.1"

puppeteer-core@24.23.0:
  version "24.23.0"
  resolved "https://registry.yarnpkg.com/puppeteer-core/-/puppeteer-core-24.23.0.tgz#1f84abafa480358652ae8df340af984438173a14"
  dependencies:
    "@puppeteer/browsers" "2.10.10"
    chromium-bidi "9.1.0"
    debug "^4.4.3"
    devtools-protocol "0.0.1508733"
    typed-query-selector "^2.12.0"
    webdriver-bidi-protocol "0.3.6"
    ws "^8.18.3"

puppeteer@^24.23.0:
  version "24.23.0"
  resolved "https://registry.yarnpkg.com/puppeteer/-/puppeteer-24.23.0.tgz#fa3c1bffc1b40c3d7a59b9463d444ff4be69f5c7"
  dependencies:
    "@puppeteer/browsers" "2.10.10"
    chromium-bidi "9.1.0"
    cosmiconfig "^9.0.0"
    devtools-protocol "0.0.1508733"
    puppeteer-core "24.23.0"
    typed-query-selector "^2.12.0"

randombytes@^2.1.0:
  version "2.1.0"
  resolved "https://registry.npmjs.org/randombytes/-/randombytes-2.1.0.tgz"
  dependencies:
    safe-buffer "^5.1.0"

readdirp@~3.6.0:
  version "3.6.0"
  resolved "https://registry.npmjs.org/readdirp/-/readdirp-3.6.0.tgz"
  dependencies:
    picomatch "^2.2.1"

require-directory@^2.1.1:
  version "2.1.1"
  resolved "https://registry.npmjs.org/require-directory/-/require-directory-2.1.1.tgz"

resolve-from@^4.0.0:
  version "4.0.0"
  resolved "https://registry.yarnpkg.com/resolve-from/-/resolve-from-4.0.0.tgz#4abcd852ad32dd7baabfe9b40e00a36db5f392e6"

safe-buffer@^5.1.0:
  version "5.2.1"
  resolved "https://registry.npmjs.org/safe-buffer/-/safe-buffer-5.2.1.tgz"

semver@^7.7.2:
  version "7.7.2"
  resolved "https://registry.yarnpkg.com/semver/-/semver-7.7.2.tgz#67d99fdcd35cec21e6f8b87a7fd515a33f982b58"

serialize-javascript@6.0.0:
  version "6.0.0"
  resolved "https://registry.npmjs.org/serialize-javascript/-/serialize-javascript-6.0.0.tgz"
  dependencies:
    randombytes "^2.1.0"

smart-buffer@^4.2.0:
  version "4.2.0"
  resolved "https://registry.yarnpkg.com/smart-buffer/-/smart-buffer-4.2.0.tgz#6e1d71fa4f18c05f7d0ff216dd16a481d0e8d9ae"

socks-proxy-agent@^8.0.5:
  version "8.0.5"
  resolved "https://registry.yarnpkg.com/socks-proxy-agent/-/socks-proxy-agent-8.0.5.tgz#b9cdb4e7e998509d7659d689ce7697ac21645bee"
  dependencies:
    agent-base "^7.1.2"
    debug "^4.3.4"
    socks "^2.8.3"

socks@^2.8.3:
  version "2.8.7"
  resolved "https://registry.yarnpkg.com/socks/-/socks-2.8.7.tgz#e2fb1d9a603add75050a2067db8c381a0b5669ea"
  dependencies:
    ip-address "^10.0.1"
    smart-buffer "^4.2.0"

source-map@~0.6.1:
  version "0.6.1"
  resolved "https://registry.yarnpkg.com/source-map/-/source-map-0.6.1.tgz#74722af32e9614e9c287a8d0bbde48b5e2f1a263"

streamx@^2.15.0, streamx@^2.21.0:
  version "2.23.0"
  resolved "https://registry.yarnpkg.com/streamx/-/streamx-2.23.0.tgz#7d0f3d00d4a6c5de5728aecd6422b4008d66fd0b"
  dependencies:
    events-universal "^1.0.0"
    fast-fifo "^1.3.2"
    text-decoder "^1.1.0"

string-width@^4.1.0, string-width@^4.2.0:
  version "4.2.2"
  resolved "https://registry.npmjs.org/string-width/-/string-width-4.2.2.tgz"
  dependencies:
    emoji-regex "^8.0.0"
    is-fullwidth-code-point "^3.0.0"
    strip-ansi "^6.0.0"

string-width@^4.2.3:
  version "4.2.3"
  resolved "https://registry.yarnpkg.com/string-width/-/string-width-4.2.3.tgz#269c7117d27b05ad2e536830a8ec895ef9c6d010"
  dependencies:
    emoji-regex "^8.0.0"
    is-fullwidth-code-point "^3.0.0"
    strip-ansi "^6.0.1"

strip-ansi@^6.0.0:
  version "6.0.0"
  resolved "https://registry.npmjs.org/strip-ansi/-/strip-ansi-6.0.0.tgz"
  dependencies:
    ansi-regex "^5.0.0"

strip-ansi@^6.0.1:
  version "6.0.1"
  resolved "https://registry.yarnpkg.com/strip-ansi/-/strip-ansi-6.0.1.tgz#9e26c63d30f53443e9489495b2105d37b67a85d9"
  dependencies:
    ansi-regex "^5.0.1"

strip-json-comments@3.1.1:
  version "3.1.1"
  resolved "https://registry.npmjs.org/strip-json-comments/-/strip-json-comments-3.1.1.tgz"

supports-color@8.1.1:
  version "8.1.1"
  resolved "https://registry.npmjs.org/supports-color/-/supports-color-8.1.1.tgz"
  dependencies:
    has-flag "^4.0.0"

supports-color@^7.1.0:
  version "7.2.0"
  resolved "https://registry.npmjs.org/supports-color/-/supports-color-7.2.0.tgz"
  dependencies:
    has-flag "^4.0.0"

tar-fs@^3.1.0:
  version "3.1.1"
  resolved "https://registry.yarnpkg.com/tar-fs/-/tar-fs-3.1.1.tgz#4f164e59fb60f103d472360731e8c6bb4a7fe9ef"
  dependencies:
    pump "^3.0.0"
    tar-stream "^3.1.5"
  optionalDependencies:
    bare-fs "^4.0.1"
    bare-path "^3.0.0"

tar-stream@^3.1.5:
  version "3.1.7"
  resolved "https://registry.yarnpkg.com/tar-stream/-/tar-stream-3.1.7.tgz#24b3fb5eabada19fe7338ed6d26e5f7c482e792b"
  dependencies:
    b4a "^1.6.4"
    fast-fifo "^1.2.0"
    streamx "^2.15.0"

text-decoder@^1.1.0:
  version "1.2.3"
  resolved "https://registry.yarnpkg.com/text-decoder/-/text-decoder-1.2.3.tgz#b19da364d981b2326d5f43099c310cc80d770c65"
  dependencies:
    b4a "^1.6.4"

to-regex-range@^5.0.1:
  version "5.0.1"
  resolved "https://registry.npmjs.org/to-regex-range/-/to-regex-range-5.0.1.tgz"
  dependencies:
    is-number "^7.0.0"

tslib@^2.0.1:
  version "2.8.1"
  resolved "https://registry.yarnpkg.com/tslib/-/tslib-2.8.1.tgz#612efe4ed235d567e8aba5f2a5fab70280ade83f"

type-detect@^4.0.0, type-detect@^4.0.5:
  version "4.0.8"
  resolved "https://registry.npmjs.org/type-detect/-/type-detect-4.0.8.tgz"

typed-query-selector@^2.12.0:
  version "2.12.0"
  resolved "https://registry.yarnpkg.com/typed-query-selector/-/typed-query-selector-2.12.0.tgz#92b65dbc0a42655fccf4aeb1a08b1dddce8af5f2"

webdriver-bidi-protocol@0.3.6:
  version "0.3.6"
  resolved "https://registry.yarnpkg.com/webdriver-bidi-protocol/-/webdriver-bidi-protocol-0.3.6.tgz#55ad4ff9697532e3e04fb0446bb6dd4c158b3ad5"

which@2.0.2:
  version "2.0.2"
  resolved "https://registry.npmjs.org/which/-/which-2.0.2.tgz"
  dependencies:
    isexe "^2.0.0"

workerpool@6.2.0:
  version "6.2.0"
  resolved "https://registry.yarnpkg.com/workerpool/-/workerpool-6.2.0.tgz#827d93c9ba23ee2019c3ffaff5c27fccea289e8b"

wrap-ansi@^7.0.0:
  version "7.0.0"
  resolved "https://registry.npmjs.org/wrap-ansi/-/wrap-ansi-7.0.0.tgz"
  dependencies:
    ansi-styles "^4.0.0"
    string-width "^4.1.0"
    strip-ansi "^6.0.0"

wrappy@1:
  version "1.0.2"
  resolved "https://registry.npmjs.org/wrappy/-/wrappy-1.0.2.tgz"

ws@^8.18.3:
  version "8.18.3"
  resolved "https://registry.yarnpkg.com/ws/-/ws-8.18.3.tgz#b56b88abffde62791c639170400c93dcb0c95472"

y18n@^5.0.5:
  version "5.0.8"
  resolved "https://registry.npmjs.org/y18n/-/y18n-5.0.8.tgz"

yargs-parser@20.2.4, yargs-parser@^20.2.2:
  version "20.2.4"
  resolved "https://registry.npmjs.org/yargs-parser/-/yargs-parser-20.2.4.tgz"

yargs-parser@^21.1.1:
  version "21.1.1"
  resolved "https://registry.yarnpkg.com/yargs-parser/-/yargs-parser-21.1.1.tgz#9096bceebf990d21bb31fa9516e0ede294a77d35"

yargs-unparser@2.0.0:
  version "2.0.0"
  resolved "https://registry.npmjs.org/yargs-unparser/-/yargs-unparser-2.0.0.tgz"
  dependencies:
    camelcase "^6.0.0"
    decamelize "^4.0.0"
    flat "^5.0.2"
    is-plain-obj "^2.1.0"

yargs@16.2.0:
  version "16.2.0"
  resolved "https://registry.npmjs.org/yargs/-/yargs-16.2.0.tgz"
  dependencies:
    cliui "^7.0.2"
    escalade "^3.1.1"
    get-caller-file "^2.0.5"
    require-directory "^2.1.1"
    string-width "^4.2.0"
    y18n "^5.0.5"
    yargs-parser "^20.2.2"

yargs@^17.7.2:
  version "17.7.2"
  resolved "https://registry.yarnpkg.com/yargs/-/yargs-17.7.2.tgz#991df39aca675a192b816e1e0363f9d75d2aa269"
  dependencies:
    cliui "^8.0.1"
    escalade "^3.1.1"
    get-caller-file "^2.0.5"
    require-directory "^2.1.1"
    string-width "^4.2.3"
    y18n "^5.0.5"
    yargs-parser "^21.1.1"

yauzl@^2.10.0:
  version "2.10.0"
  resolved "https://registry.npmjs.org/yauzl/-/yauzl-2.10.0.tgz"
  dependencies:
    buffer-crc32 "~0.2.3"
    fd-slicer "~1.1.0"

yocto-queue@^0.1.0:
  version "0.1.0"
  resolved "https://registry.npmjs.org/yocto-queue/-/yocto-queue-0.1.0.tgz"

zod@^3.24.1:
  version "3.25.76"
  resolved "https://registry.yarnpkg.com/zod/-/zod-3.25.76.tgz#26841c3f6fd22a6a2760e7ccb719179768471e34"
